
Microsoft Visual Studio Solution File, Format Version 12.00
# Visual Studio Version 17
VisualStudioVersion = 17.0.32014.148
MinimumVisualStudioVersion = 10.0.40219.1
Project("{9A19103F-16F7-4668-BE54-9A1E7A4F7556}") = "KytaryEshop", "KytaryEshop\KytaryEshop.csproj", "{E671E933-E6D8-42F6-B9C1-529BD3EAF149}"
EndProject
Project("{00D1A9C2-B5F0-4AF3-8072-F6C62B433612}") = "DatabazeSortiment", "DatabazeSortiment\DatabazeSortiment.sqlproj", "{D9CAB7D0-C9E2-4E07-A78E-331E547505E4}"
EndProject
Global
	GlobalSection(SolutionConfigurationPlatforms) = preSolution
		Debug|Any CPU = Debug|Any CPU
		Release|Any CPU = Release|Any CPU
	EndGlobalSection
	GlobalSection(ProjectConfigurationPlatforms) = postSolution
		{E671E933-E6D8-42F6-B9C1-529BD3EAF149}.Debug|Any CPU.ActiveCfg = Debug|Any CPU
		{E671E933-E6D8-42F6-B9C1-529BD3EAF149}.Debug|Any CPU.Build.0 = Debug|Any CPU
		{E671E933-E6D8-42F6-B9C1-529BD3EAF149}.Release|Any CPU.ActiveCfg = Release|Any CPU
		{E671E933-E6D8-42F6-B9C1-529BD3EAF149}.Release|Any CPU.Build.0 = Release|Any CPU
		{D9CAB7D0-C9E2-4E07-A78E-331E547505E4}.Debug|Any CPU.ActiveCfg = Debug|Any CPU
		{D9CAB7D0-C9E2-4E07-A78E-331E547505E4}.Debug|Any CPU.Build.0 = Debug|Any CPU
		{D9CAB7D0-C9E2-4E07-A78E-331E547505E4}.Debug|Any CPU.Deploy.0 = Debug|Any CPU
		{D9CAB7D0-C9E2-4E07-A78E-331E547505E4}.Release|Any CPU.ActiveCfg = Release|Any CPU
		{D9CAB7D0-C9E2-4E07-A78E-331E547505E4}.Release|Any CPU.Build.0 = Release|Any CPU
		{D9CAB7D0-C9E2-4E07-A78E-331E547505E4}.Release|Any CPU.Deploy.0 = Release|Any CPU
	EndGlobalSection
	GlobalSection(SolutionProperties) = preSolution
		HideSolutionNode = FALSE
	EndGlobalSection
	GlobalSection(ExtensibilityGlobals) = postSolution
		SolutionGuid = {2CD8A1CF-1DBC-452D-8FA6-908242B27A90}
	EndGlobalSection
EndGlobal
